
Microsoft Visual Studio Solution File, Format Version 12.00
# Visual Studio 15
VisualStudioVersion = 15.0.28307.1738
MinimumVisualStudioVersion = 10.0.40219.1
Project("{8BC9CEB8-8B4A-11D0-8D11-00A0C91BC942}") = "Win32基础-Win32的字符编码", "Win32基础-Win32的字符编码\Win32基础-Win32的字符编码.vcxproj", "{9C15D2D1-13D4-46C6-B71D-98BCEDAC7C93}"
EndProject
Global
	GlobalSection(SolutionConfigurationPlatforms) = preSolution
		Debug|x64 = Debug|x64
		Debug|x86 = Debug|x86
		Release|x64 = Release|x64
		Release|x86 = Release|x86
	EndGlobalSection
	GlobalSection(ProjectConfigurationPlatforms) = postSolution
		{9C15D2D1-13D4-46C6-B71D-98BCEDAC7C93}.Debug|x64.ActiveCfg = Debug|x64
		{9C15D2D1-13D4-46C6-B71D-98BCEDAC7C93}.Debug|x64.Build.0 = Debug|x64
		{9C15D2D1-13D4-46C6-B71D-98BCEDAC7C93}.Debug|x86.ActiveCfg = Debug|Win32
		{9C15D2D1-13D4-46C6-B71D-98BCEDAC7C93}.Debug|x86.Build.0 = Debug|Win32
		{9C15D2D1-13D4-46C6-B71D-98BCEDAC7C93}.Release|x64.ActiveCfg = Release|x64
		{9C15D2D1-13D4-46C6-B71D-98BCEDAC7C93}.Release|x64.Build.0 = Release|x64
		{9C15D2D1-13D4-46C6-B71D-98BCEDAC7C93}.Release|x86.ActiveCfg = Release|Win32
		{9C15D2D1-13D4-46C6-B71D-98BCEDAC7C93}.Release|x86.Build.0 = Release|Win32
	EndGlobalSection
	GlobalSection(SolutionProperties) = preSolution
		HideSolutionNode = FALSE
	EndGlobalSection
	GlobalSection(ExtensibilityGlobals) = postSolution
		SolutionGuid = {92235999-F208-4166-A7DB-D108D3D5DBDB}
	EndGlobalSection
EndGlobal
